
Microsoft Visual Studio Solution File, Format Version 12.00
# Visual Studio Version 17
VisualStudioVersion = 17.5.002.0
MinimumVisualStudioVersion = 10.0.40219.1
Project("{2150E333-8FDC-42A3-9474-1A3956D46DE8}") = "csharp-prep", "csharp-prep", "{6403AD24-255F-4D4E-9689-F829013CEA3A}"
EndProject
Project("{9A19103F-16F7-4668-BE54-9A1E7A4F7556}") = "Prep1", "csharp-prep\Prep1\Prep1.csproj", "{A80F5040-31E6-4F71-B999-2DFD4AD0A717}"
EndProject
Project("{9A19103F-16F7-4668-BE54-9A1E7A4F7556}") = "Prep2", "csharp-prep\Prep2\Prep2.csproj", "{E68B50B6-B45D-4FEC-AEE2-1ECAD47B360F}"
EndProject
Project("{9A19103F-16F7-4668-BE54-9A1E7A4F7556}") = "Prep3", "csharp-prep\Prep3\Prep3.csproj", "{678A46B7-1E89-4F66-A80E-2F044E3F5073}"
EndProject
Project("{9A19103F-16F7-4668-BE54-9A1E7A4F7556}") = "Prep4", "csharp-prep\Prep4\Prep4.csproj", "{2751E695-5E7F-491B-9B00-B99FC3008FF6}"
EndProject
Project("{9A19103F-16F7-4668-BE54-9A1E7A4F7556}") = "Prep5", "csharp-prep\Prep5\Prep5.csproj", "{B1790467-0525-46E7-8C43-F774F3EF7361}"
EndProject
Project("{2150E333-8FDC-42A3-9474-1A3956D46DE8}") = "final", "final", "{4A5D0EC3-2398-40B2-B868-BA133B027934}"
EndProject
Project("{9A19103F-16F7-4668-BE54-9A1E7A4F7556}") = "FinalProject", "final\FinalProject\FinalProject.csproj", "{D9DA62EA-6BAC-4816-8ECC-9166509C3034}"
EndProject
Project("{9A19103F-16F7-4668-BE54-9A1E7A4F7556}") = "Foundation1", "final\Foundation1\Foundation1.csproj", "{08CFB6CF-B932-4FF8-9EB3-1527B5F1DD99}"
EndProject
Project("{9A19103F-16F7-4668-BE54-9A1E7A4F7556}") = "Foundation2", "final\Foundation2\Foundation2.csproj", "{CF97AC3A-988E-489A-9A12-FD9752772E26}"
EndProject
Project("{9A19103F-16F7-4668-BE54-9A1E7A4F7556}") = "Foundation3", "final\Foundation3\Foundation3.csproj", "{352FD889-5B91-4197-8E68-AB68068A9352}"
EndProject
Project("{9A19103F-16F7-4668-BE54-9A1E7A4F7556}") = "Foundation4", "final\Foundation4\Foundation4.csproj", "{574A4CC1-64EB-402C-828C-4AFC2765E3BB}"
EndProject
Project("{2150E333-8FDC-42A3-9474-1A3956D46DE8}") = "prepare", "prepare", "{B25B84B9-B1D0-4490-8980-F4B3476A597E}"
EndProject
Project("{9A19103F-16F7-4668-BE54-9A1E7A4F7556}") = "Learning02", "prepare\Learning02\Learning02.csproj", "{F6E5350C-AD11-4A06-8DF9-05B07DF7F2AC}"
EndProject
Project("{9A19103F-16F7-4668-BE54-9A1E7A4F7556}") = "Learning03", "prepare\Learning03\Learning03.csproj", "{79CAD73C-D634-41F6-A10A-E419355232B8}"
EndProject
Project("{9A19103F-16F7-4668-BE54-9A1E7A4F7556}") = "Learning04", "prepare\Learning04\Learning04.csproj", "{AF07D736-5F06-42D6-9476-8C923B924F69}"
EndProject
Project("{9A19103F-16F7-4668-BE54-9A1E7A4F7556}") = "Learning05", "prepare\Learning05\Learning05.csproj", "{0B54C120-87F6-474A-8476-0B21EBE95301}"
EndProject
Project("{2150E333-8FDC-42A3-9474-1A3956D46DE8}") = "prove", "prove", "{11755F24-85F2-4FFD-90DB-94BA3381E700}"
EndProject
Project("{9A19103F-16F7-4668-BE54-9A1E7A4F7556}") = "Develop02", "prove\Develop02\Develop02.csproj", "{B65383B6-71EC-406E-AD92-9C7C8D27B307}"
EndProject
Project("{9A19103F-16F7-4668-BE54-9A1E7A4F7556}") = "Develop03", "prove\Develop03\Develop03.csproj", "{A4FDD986-DFFD-423C-832F-44BFB7417D82}"
EndProject
Project("{9A19103F-16F7-4668-BE54-9A1E7A4F7556}") = "Develop04", "prove\Develop04\Develop04.csproj", "{5BE34CBB-62C1-4790-A0BF-61C55A1D6922}"
EndProject
Project("{9A19103F-16F7-4668-BE54-9A1E7A4F7556}") = "Develop05", "prove\Develop05\Develop05.csproj", "{2C2D3C8D-286A-4E00-9AC3-F9A2ABFCA75E}"
EndProject
Project("{2150E333-8FDC-42A3-9474-1A3956D46DE8}") = "sandbox", "sandbox", "{413C8FF1-C75A-4730-8E3A-2089D61BA9E5}"
EndProject
Project("{9A19103F-16F7-4668-BE54-9A1E7A4F7556}") = "Sandbox", "sandbox\Sandbox\Sandbox.csproj", "{F860A074-6878-4E29-B8DC-D3A96A8593C2}"
EndProject
Global
	GlobalSection(SolutionConfigurationPlatforms) = preSolution
		Debug|Any CPU = Debug|Any CPU
		Release|Any CPU = Release|Any CPU
	EndGlobalSection
	GlobalSection(ProjectConfigurationPlatforms) = postSolution
		{A80F5040-31E6-4F71-B999-2DFD4AD0A717}.Debug|Any CPU.ActiveCfg = Debug|Any CPU
		{A80F5040-31E6-4F71-B999-2DFD4AD0A717}.Debug|Any CPU.Build.0 = Debug|Any CPU
		{A80F5040-31E6-4F71-B999-2DFD4AD0A717}.Release|Any CPU.ActiveCfg = Release|Any CPU
		{A80F5040-31E6-4F71-B999-2DFD4AD0A717}.Release|Any CPU.Build.0 = Release|Any CPU
		{E68B50B6-B45D-4FEC-AEE2-1ECAD47B360F}.Debug|Any CPU.ActiveCfg = Debug|Any CPU
		{E68B50B6-B45D-4FEC-AEE2-1ECAD47B360F}.Debug|Any CPU.Build.0 = Debug|Any CPU
		{E68B50B6-B45D-4FEC-AEE2-1ECAD47B360F}.Release|Any CPU.ActiveCfg = Release|Any CPU
		{E68B50B6-B45D-4FEC-AEE2-1ECAD47B360F}.Release|Any CPU.Build.0 = Release|Any CPU
		{678A46B7-1E89-4F66-A80E-2F044E3F5073}.Debug|Any CPU.ActiveCfg = Debug|Any CPU
		{678A46B7-1E89-4F66-A80E-2F044E3F5073}.Debug|Any CPU.Build.0 = Debug|Any CPU
		{678A46B7-1E89-4F66-A80E-2F044E3F5073}.Release|Any CPU.ActiveCfg = Release|Any CPU
		{678A46B7-1E89-4F66-A80E-2F044E3F5073}.Release|Any CPU.Build.0 = Release|Any CPU
		{2751E695-5E7F-491B-9B00-B99FC3008FF6}.Debug|Any CPU.ActiveCfg = Debug|Any CPU
		{2751E695-5E7F-491B-9B00-B99FC3008FF6}.Debug|Any CPU.Build.0 = Debug|Any CPU
		{2751E695-5E7F-491B-9B00-B99FC3008FF6}.Release|Any CPU.ActiveCfg = Release|Any CPU
		{2751E695-5E7F-491B-9B00-B99FC3008FF6}.Release|Any CPU.Build.0 = Release|Any CPU
		{B1790467-0525-46E7-8C43-F774F3EF7361}.Debug|Any CPU.ActiveCfg = Debug|Any CPU
		{B1790467-0525-46E7-8C43-F774F3EF7361}.Debug|Any CPU.Build.0 = Debug|Any CPU
		{B1790467-0525-46E7-8C43-F774F3EF7361}.Release|Any CPU.ActiveCfg = Release|Any CPU
		{B1790467-0525-46E7-8C43-F774F3EF7361}.Release|Any CPU.Build.0 = Release|Any CPU
		{D9DA62EA-6BAC-4816-8ECC-9166509C3034}.Debug|Any CPU.ActiveCfg = Debug|Any CPU
		{D9DA62EA-6BAC-4816-8ECC-9166509C3034}.Debug|Any CPU.Build.0 = Debug|Any CPU
		{D9DA62EA-6BAC-4816-8ECC-9166509C3034}.Release|Any CPU.ActiveCfg = Release|Any CPU
		{D9DA62EA-6BAC-4816-8ECC-9166509C3034}.Release|Any CPU.Build.0 = Release|Any CPU
		{08CFB6CF-B932-4FF8-9EB3-1527B5F1DD99}.Debug|Any CPU.ActiveCfg = Debug|Any CPU
		{08CFB6CF-B932-4FF8-9EB3-1527B5F1DD99}.Debug|Any CPU.Build.0 = Debug|Any CPU
		{08CFB6CF-B932-4FF8-9EB3-1527B5F1DD99}.Release|Any CPU.ActiveCfg = Release|Any CPU
		{08CFB6CF-B932-4FF8-9EB3-1527B5F1DD99}.Release|Any CPU.Build.0 = Release|Any CPU
		{CF97AC3A-988E-489A-9A12-FD9752772E26}.Debug|Any CPU.ActiveCfg = Debug|Any CPU
		{CF97AC3A-988E-489A-9A12-FD9752772E26}.Debug|Any CPU.Build.0 = Debug|Any CPU
		{CF97AC3A-988E-489A-9A12-FD9752772E26}.Release|Any CPU.ActiveCfg = Release|Any CPU
		{CF97AC3A-988E-489A-9A12-FD9752772E26}.Release|Any CPU.Build.0 = Release|Any CPU
		{352FD889-5B91-4197-8E68-AB68068A9352}.Debug|Any CPU.ActiveCfg = Debug|Any CPU
		{352FD889-5B91-4197-8E68-AB68068A9352}.Debug|Any CPU.Build.0 = Debug|Any CPU
		{352FD889-5B91-4197-8E68-AB68068A9352}.Release|Any CPU.ActiveCfg = Release|Any CPU
		{352FD889-5B91-4197-8E68-AB68068A9352}.Release|Any CPU.Build.0 = Release|Any CPU
		{574A4CC1-64EB-402C-828C-4AFC2765E3BB}.Debug|Any CPU.ActiveCfg = Debug|Any CPU
		{574A4CC1-64EB-402C-828C-4AFC2765E3BB}.Debug|Any CPU.Build.0 = Debug|Any CPU
		{574A4CC1-64EB-402C-828C-4AFC2765E3BB}.Release|Any CPU.ActiveCfg = Release|Any CPU
		{574A4CC1-64EB-402C-828C-4AFC2765E3BB}.Release|Any CPU.Build.0 = Release|Any CPU
		{F6E5350C-AD11-4A06-8DF9-05B07DF7F2AC}.Debug|Any CPU.ActiveCfg = Debug|Any CPU
		{F6E5350C-AD11-4A06-8DF9-05B07DF7F2AC}.Debug|Any CPU.Build.0 = Debug|Any CPU
		{F6E5350C-AD11-4A06-8DF9-05B07DF7F2AC}.Release|Any CPU.ActiveCfg = Release|Any CPU
		{F6E5350C-AD11-4A06-8DF9-05B07DF7F2AC}.Release|Any CPU.Build.0 = Release|Any CPU
		{79CAD73C-D634-41F6-A10A-E419355232B8}.Debug|Any CPU.ActiveCfg = Debug|Any CPU
		{79CAD73C-D634-41F6-A10A-E419355232B8}.Debug|Any CPU.Build.0 = Debug|Any CPU
		{79CAD73C-D634-41F6-A10A-E419355232B8}.Release|Any CPU.ActiveCfg = Release|Any CPU
		{79CAD73C-D634-41F6-A10A-E419355232B8}.Release|Any CPU.Build.0 = Release|Any CPU
		{AF07D736-5F06-42D6-9476-8C923B924F69}.Debug|Any CPU.ActiveCfg = Debug|Any CPU
		{AF07D736-5F06-42D6-9476-8C923B924F69}.Debug|Any CPU.Build.0 = Debug|Any CPU
		{AF07D736-5F06-42D6-9476-8C923B924F69}.Release|Any CPU.ActiveCfg = Release|Any CPU
		{AF07D736-5F06-42D6-9476-8C923B924F69}.Release|Any CPU.Build.0 = Release|Any CPU
		{0B54C120-87F6-474A-8476-0B21EBE95301}.Debug|Any CPU.ActiveCfg = Debug|Any CPU
		{0B54C120-87F6-474A-8476-0B21EBE95301}.Debug|Any CPU.Build.0 = Debug|Any CPU
		{0B54C120-87F6-474A-8476-0B21EBE95301}.Release|Any CPU.ActiveCfg = Release|Any CPU
		{0B54C120-87F6-474A-8476-0B21EBE95301}.Release|Any CPU.Build.0 = Release|Any CPU
		{B65383B6-71EC-406E-AD92-9C7C8D27B307}.Debug|Any CPU.ActiveCfg = Debug|Any CPU
		{B65383B6-71EC-406E-AD92-9C7C8D27B307}.Debug|Any CPU.Build.0 = Debug|Any CPU
		{B65383B6-71EC-406E-AD92-9C7C8D27B307}.Release|Any CPU.ActiveCfg = Release|Any CPU
		{B65383B6-71EC-406E-AD92-9C7C8D27B307}.Release|Any CPU.Build.0 = Release|Any CPU
		{A4FDD986-DFFD-423C-832F-44BFB7417D82}.Debug|Any CPU.ActiveCfg = Debug|Any CPU
		{A4FDD986-DFFD-423C-832F-44BFB7417D82}.Debug|Any CPU.Build.0 = Debug|Any CPU
		{A4FDD986-DFFD-423C-832F-44BFB7417D82}.Release|Any CPU.ActiveCfg = Release|Any CPU
		{A4FDD986-DFFD-423C-832F-44BFB7417D82}.Release|Any CPU.Build.0 = Release|Any CPU
		{5BE34CBB-62C1-4790-A0BF-61C55A1D6922}.Debug|Any CPU.ActiveCfg = Debug|Any CPU
		{5BE34CBB-62C1-4790-A0BF-61C55A1D6922}.Debug|Any CPU.Build.0 = Debug|Any CPU
		{5BE34CBB-62C1-4790-A0BF-61C55A1D6922}.Release|Any CPU.ActiveCfg = Release|Any CPU
		{5BE34CBB-62C1-4790-A0BF-61C55A1D6922}.Release|Any CPU.Build.0 = Release|Any CPU
		{2C2D3C8D-286A-4E00-9AC3-F9A2ABFCA75E}.Debug|Any CPU.ActiveCfg = Debug|Any CPU
		{2C2D3C8D-286A-4E00-9AC3-F9A2ABFCA75E}.Debug|Any CPU.Build.0 = Debug|Any CPU
		{2C2D3C8D-286A-4E00-9AC3-F9A2ABFCA75E}.Release|Any CPU.ActiveCfg = Release|Any CPU
		{2C2D3C8D-286A-4E00-9AC3-F9A2ABFCA75E}.Release|Any CPU.Build.0 = Release|Any CPU
		{F860A074-6878-4E29-B8DC-D3A96A8593C2}.Debug|Any CPU.ActiveCfg = Debug|Any CPU
		{F860A074-6878-4E29-B8DC-D3A96A8593C2}.Debug|Any CPU.Build.0 = Debug|Any CPU
		{F860A074-6878-4E29-B8DC-D3A96A8593C2}.Release|Any CPU.ActiveCfg = Release|Any CPU
		{F860A074-6878-4E29-B8DC-D3A96A8593C2}.Release|Any CPU.Build.0 = Release|Any CPU
	EndGlobalSection
	GlobalSection(SolutionProperties) = preSolution
		HideSolutionNode = FALSE
	EndGlobalSection
	GlobalSection(NestedProjects) = preSolution
		{A80F5040-31E6-4F71-B999-2DFD4AD0A717} = {6403AD24-255F-4D4E-9689-F829013CEA3A}
		{E68B50B6-B45D-4FEC-AEE2-1ECAD47B360F} = {6403AD24-255F-4D4E-9689-F829013CEA3A}
		{678A46B7-1E89-4F66-A80E-2F044E3F5073} = {6403AD24-255F-4D4E-9689-F829013CEA3A}
		{2751E695-5E7F-491B-9B00-B99FC3008FF6} = {6403AD24-255F-4D4E-9689-F829013CEA3A}
		{B1790467-0525-46E7-8C43-F774F3EF7361} = {6403AD24-255F-4D4E-9689-F829013CEA3A}
		{D9DA62EA-6BAC-4816-8ECC-9166509C3034} = {4A5D0EC3-2398-40B2-B868-BA133B027934}
		{08CFB6CF-B932-4FF8-9EB3-1527B5F1DD99} = {4A5D0EC3-2398-40B2-B868-BA133B027934}
		{CF97AC3A-988E-489A-9A12-FD9752772E26} = {4A5D0EC3-2398-40B2-B868-BA133B027934}
		{352FD889-5B91-4197-8E68-AB68068A9352} = {4A5D0EC3-2398-40B2-B868-BA133B027934}
		{574A4CC1-64EB-402C-828C-4AFC2765E3BB} = {4A5D0EC3-2398-40B2-B868-BA133B027934}
		{F6E5350C-AD11-4A06-8DF9-05B07DF7F2AC} = {B25B84B9-B1D0-4490-8980-F4B3476A597E}
		{79CAD73C-D634-41F6-A10A-E419355232B8} = {B25B84B9-B1D0-4490-8980-F4B3476A597E}
		{AF07D736-5F06-42D6-9476-8C923B924F69} = {B25B84B9-B1D0-4490-8980-F4B3476A597E}
		{0B54C120-87F6-474A-8476-0B21EBE95301} = {B25B84B9-B1D0-4490-8980-F4B3476A597E}
		{B65383B6-71EC-406E-AD92-9C7C8D27B307} = {11755F24-85F2-4FFD-90DB-94BA3381E700}
		{A4FDD986-DFFD-423C-832F-44BFB7417D82} = {11755F24-85F2-4FFD-90DB-94BA3381E700}
		{5BE34CBB-62C1-4790-A0BF-61C55A1D6922} = {11755F24-85F2-4FFD-90DB-94BA3381E700}
		{2C2D3C8D-286A-4E00-9AC3-F9A2ABFCA75E} = {11755F24-85F2-4FFD-90DB-94BA3381E700}
		{F860A074-6878-4E29-B8DC-D3A96A8593C2} = {413C8FF1-C75A-4730-8E3A-2089D61BA9E5}
	EndGlobalSection
	GlobalSection(ExtensibilityGlobals) = postSolution
		SolutionGuid = {BAA47A52-ACE5-4C16-9F69-584D3130673B}
	EndGlobalSection
EndGlobal
